
Microsoft Visual Studio Solution File, Format Version 12.00
# Visual Studio Version 17
VisualStudioVersion = 17.3.32825.248
MinimumVisualStudioVersion = 10.0.40219.1
Project("{9A19103F-16F7-4668-BE54-9A1E7A4F7556}") = "ManagedMmkv", "ManagedMmkv\ManagedMmkv.csproj", "{917DFCFA-BD3C-4BA0-BEED-12EB5EC03CE4}"
EndProject
Project("{FAE04EC0-301F-11D3-BF4B-00C04F79EFBC}") = "ManagedMmkvTest", "ManagedMmkvTest\ManagedMmkvTest.csproj", "{11057033-74CE-45D0-B891-33DD67246B42}"
EndProject
Global
	GlobalSection(SolutionConfigurationPlatforms) = preSolution
		Debug|Any CPU = Debug|Any CPU
		Release|Any CPU = Release|Any CPU
	EndGlobalSection
	GlobalSection(ProjectConfigurationPlatforms) = postSolution
		{917DFCFA-BD3C-4BA0-BEED-12EB5EC03CE4}.Debug|Any CPU.ActiveCfg = Debug|Any CPU
		{917DFCFA-BD3C-4BA0-BEED-12EB5EC03CE4}.Debug|Any CPU.Build.0 = Debug|Any CPU
		{917DFCFA-BD3C-4BA0-BEED-12EB5EC03CE4}.Release|Any CPU.ActiveCfg = Release|Any CPU
		{917DFCFA-BD3C-4BA0-BEED-12EB5EC03CE4}.Release|Any CPU.Build.0 = Release|Any CPU
		{11057033-74CE-45D0-B891-33DD67246B42}.Debug|Any CPU.ActiveCfg = Debug|Any CPU
		{11057033-74CE-45D0-B891-33DD67246B42}.Debug|Any CPU.Build.0 = Debug|Any CPU
		{11057033-74CE-45D0-B891-33DD67246B42}.Release|Any CPU.ActiveCfg = Release|Any CPU
		{11057033-74CE-45D0-B891-33DD67246B42}.Release|Any CPU.Build.0 = Release|Any CPU
	EndGlobalSection
	GlobalSection(SolutionProperties) = preSolution
		HideSolutionNode = FALSE
	EndGlobalSection
	GlobalSection(ExtensibilityGlobals) = postSolution
		SolutionGuid = {8FD16376-9C6A-4DEF-A4FB-9D79655493B0}
	EndGlobalSection
EndGlobal
